
Microsoft Visual Studio Solution File, Format Version 12.00
# Visual Studio Version 17
VisualStudioVersion = 17.11.35312.102
MinimumVisualStudioVersion = 10.0.40219.1
Project("{FAE04EC0-301F-11D3-BF4B-00C04F79EFBC}") = "POOI_EF_AndyChacchiLuque", "POOI_EF_AndyChacchiLuque\POOI_EF_AndyChacchiLuque.csproj", "{EBB63432-F873-4A27-A305-1A51A90B274B}"
EndProject
Global
	GlobalSection(SolutionConfigurationPlatforms) = preSolution
		Debug|Any CPU = Debug|Any CPU
		Release|Any CPU = Release|Any CPU
	EndGlobalSection
	GlobalSection(ProjectConfigurationPlatforms) = postSolution
		{EBB63432-F873-4A27-A305-1A51A90B274B}.Debug|Any CPU.ActiveCfg = Debug|Any CPU
		{EBB63432-F873-4A27-A305-1A51A90B274B}.Debug|Any CPU.Build.0 = Debug|Any CPU
		{EBB63432-F873-4A27-A305-1A51A90B274B}.Release|Any CPU.ActiveCfg = Release|Any CPU
		{EBB63432-F873-4A27-A305-1A51A90B274B}.Release|Any CPU.Build.0 = Release|Any CPU
	EndGlobalSection
	GlobalSection(SolutionProperties) = preSolution
		HideSolutionNode = FALSE
	EndGlobalSection
	GlobalSection(ExtensibilityGlobals) = postSolution
		SolutionGuid = {822D0040-FCD2-4D8D-A4CA-8AA76D83AA84}
	EndGlobalSection
EndGlobal
