
Microsoft Visual Studio Solution File, Format Version 12.00
# Visual Studio Version 17
VisualStudioVersion = 17.11.35312.102
MinimumVisualStudioVersion = 10.0.40219.1
Project("{FAE04EC0-301F-11D3-BF4B-00C04F79EFBC}") = "ExamenT2_EspinozaMoraless", "ExamenT2\ExamenT2_EspinozaMoraless.csproj", "{3ECDE8E8-D117-4FC1-B0BB-500F833E0B6C}"
EndProject
Global
	GlobalSection(SolutionConfigurationPlatforms) = preSolution
		Debug|Any CPU = Debug|Any CPU
		Release|Any CPU = Release|Any CPU
	EndGlobalSection
	GlobalSection(ProjectConfigurationPlatforms) = postSolution
		{3ECDE8E8-D117-4FC1-B0BB-500F833E0B6C}.Debug|Any CPU.ActiveCfg = Debug|Any CPU
		{3ECDE8E8-D117-4FC1-B0BB-500F833E0B6C}.Debug|Any CPU.Build.0 = Debug|Any CPU
		{3ECDE8E8-D117-4FC1-B0BB-500F833E0B6C}.Release|Any CPU.ActiveCfg = Release|Any CPU
		{3ECDE8E8-D117-4FC1-B0BB-500F833E0B6C}.Release|Any CPU.Build.0 = Release|Any CPU
	EndGlobalSection
	GlobalSection(SolutionProperties) = preSolution
		HideSolutionNode = FALSE
	EndGlobalSection
	GlobalSection(ExtensibilityGlobals) = postSolution
		SolutionGuid = {85029A4A-E663-4135-9C52-3EC619F3561D}
	EndGlobalSection
EndGlobal
